// !$*UTF8*$!
{
	archiveVersion = 1;
	classes = {
	};
	objectVersion = 56;
	objects = {

/* Begin PBXBuildFile section */
		119E5E16D06663A146D0A062 /* Pods_WhatsappClone.framework in Frameworks */ = {isa = PBXBuildFile; fileRef = 5E70839B9C060100193CD013 /* Pods_WhatsappClone.framework */; };
		E217CF5F2C2724EC00E554AD /* SettingsTableViewController.swift in Sources */ = {isa = PBXBuildFile; fileRef = E217CF5E2C2724EC00E554AD /* SettingsTableViewController.swift */; };
		E21E5E952C305616004C2BE8 /* ChatViewController.swift in Sources */ = {isa = PBXBuildFile; fileRef = E21E5E942C305616004C2BE8 /* ChatViewController.swift */; };
		E22CA0ED2C29D37300A736AE /* ProfileTableViewController.swift in Sources */ = {isa = PBXBuildFile; fileRef = E22CA0EC2C29D37300A736AE /* ProfileTableViewController.swift */; };
		E233E0AA2C343DBF0002B4D9 /* IncomingMessageHelper.swift in Sources */ = {isa = PBXBuildFile; fileRef = E233E0A92C343DBF0002B4D9 /* IncomingMessageHelper.swift */; };
		E242B5072C0E0B0100642697 /* LoginViewController.swift in Sources */ = {isa = PBXBuildFile; fileRef = E242B5062C0E0B0100642697 /* LoginViewController.swift */; };
		E24FE7782C32EE3600F58417 /* DBManager.swift in Sources */ = {isa = PBXBuildFile; fileRef = E24FE7772C32EE3600F58417 /* DBManager.swift */; };
		E24FE77A2C32F2DD00F58417 /* OutgoingMessageHelper.swift in Sources */ = {isa = PBXBuildFile; fileRef = E24FE7792C32F2DD00F58417 /* OutgoingMessageHelper.swift */; };
		E24FE77C2C33006200F58417 /* FirebaseMessageListener.swift in Sources */ = {isa = PBXBuildFile; fileRef = E24FE77B2C33006200F58417 /* FirebaseMessageListener.swift */; };
		E251516D2C2CF6590038741C /* StartChatHelper.swift in Sources */ = {isa = PBXBuildFile; fileRef = E251516C2C2CF6590038741C /* StartChatHelper.swift */; };
		E251516F2C2D181B0038741C /* FirebaseRecentChatListener.swift in Sources */ = {isa = PBXBuildFile; fileRef = E251516E2C2D181B0038741C /* FirebaseRecentChatListener.swift */; };
		E25151752C2D229E0038741C /* RecentChatTableViewController.swift in Sources */ = {isa = PBXBuildFile; fileRef = E25151742C2D229E0038741C /* RecentChatTableViewController.swift */; };
		E26AE1002C1895FA0095C9D0 /* FCollectionReference.swift in Sources */ = {isa = PBXBuildFile; fileRef = E26AE0FF2C1895FA0095C9D0 /* FCollectionReference.swift */; };
		E26AE1022C1896E70095C9D0 /* FirebaseUserListener.swift in Sources */ = {isa = PBXBuildFile; fileRef = E26AE1012C1896E70095C9D0 /* FirebaseUserListener.swift */; };
		E26F17272C39A24700713995 /* CustomImageChatView.xib in Resources */ = {isa = PBXBuildFile; fileRef = E26F17262C39A24700713995 /* CustomImageChatView.xib */; };
		E26F17292C39A27800713995 /* CustomImageChatView.swift in Sources */ = {isa = PBXBuildFile; fileRef = E26F17282C39A27700713995 /* CustomImageChatView.swift */; };
		E26F172B2C39A8E300713995 /* PhotoMessage.swift in Sources */ = {isa = PBXBuildFile; fileRef = E26F172A2C39A8E300713995 /* PhotoMessage.swift */; };
		E275A7632C36FF080029DE77 /* FirebaseTypingListener.swift in Sources */ = {isa = PBXBuildFile; fileRef = E275A7622C36FF080029DE77 /* FirebaseTypingListener.swift */; };
		E27F276F2C2BB922007875F0 /* RecentChatTableViewCell.swift in Sources */ = {isa = PBXBuildFile; fileRef = E27F276E2C2BB922007875F0 /* RecentChatTableViewCell.swift */; };
		E27F27712C2BBFD9007875F0 /* Extension.swift in Sources */ = {isa = PBXBuildFile; fileRef = E27F27702C2BBFD9007875F0 /* Extension.swift */; };
		E28FBB512C35908100454DD7 /* CustomTextChatView.swift in Sources */ = {isa = PBXBuildFile; fileRef = E28FBB502C35908100454DD7 /* CustomTextChatView.swift */; };
		E28FBB532C3590D100454DD7 /* CustomTextChatView.xib in Resources */ = {isa = PBXBuildFile; fileRef = E28FBB522C3590D100454DD7 /* CustomTextChatView.xib */; };
		E29F2A422C2A826E001C590F /* RecentChat.swift in Sources */ = {isa = PBXBuildFile; fileRef = E29F2A412C2A826E001C590F /* RecentChat.swift */; };
		E2A57A8C2C280C2D005BBD40 /* EditTableViewController.swift in Sources */ = {isa = PBXBuildFile; fileRef = E2A57A8B2C280C2D005BBD40 /* EditTableViewController.swift */; };
		E2A57A8F2C283687005BBD40 /* FirebaseStorageHelper.swift in Sources */ = {isa = PBXBuildFile; fileRef = E2A57A8E2C283687005BBD40 /* FirebaseStorageHelper.swift */; };
		E2A57A922C287124005BBD40 /* Util.swift in Sources */ = {isa = PBXBuildFile; fileRef = E2A57A912C287124005BBD40 /* Util.swift */; };
		E2A57A952C29046D005BBD40 /* ContactsTableViewCell.swift in Sources */ = {isa = PBXBuildFile; fileRef = E2A57A942C29046D005BBD40 /* ContactsTableViewCell.swift */; };
		E2A57A972C290501005BBD40 /* ContactsTableViewController.swift in Sources */ = {isa = PBXBuildFile; fileRef = E2A57A962C290501005BBD40 /* ContactsTableViewController.swift */; };
		E2B0CF7E2C0B619A006CA5A5 /* AppDelegate.swift in Sources */ = {isa = PBXBuildFile; fileRef = E2B0CF7D2C0B619A006CA5A5 /* AppDelegate.swift */; };
		E2B0CF802C0B619A006CA5A5 /* SceneDelegate.swift in Sources */ = {isa = PBXBuildFile; fileRef = E2B0CF7F2C0B619A006CA5A5 /* SceneDelegate.swift */; };
		E2B0CF822C0B619A006CA5A5 /* ViewController.swift in Sources */ = {isa = PBXBuildFile; fileRef = E2B0CF812C0B619A006CA5A5 /* ViewController.swift */; };
		E2B0CF852C0B619A006CA5A5 /* Base in Resources */ = {isa = PBXBuildFile; fileRef = E2B0CF842C0B619A006CA5A5 /* Base */; };
		E2B0CF872C0B619C006CA5A5 /* Assets.xcassets in Resources */ = {isa = PBXBuildFile; fileRef = E2B0CF862C0B619C006CA5A5 /* Assets.xcassets */; };
		E2B0CF8A2C0B619C006CA5A5 /* Base in Resources */ = {isa = PBXBuildFile; fileRef = E2B0CF892C0B619C006CA5A5 /* Base */; };
		E2B5D0812C3AEAFF00CC1AA1 /* BasicAudioController.swift in Sources */ = {isa = PBXBuildFile; fileRef = E2B5D0802C3AEAFF00CC1AA1 /* BasicAudioController.swift */; };
		E2BC5D022C14A4B900654538 /* Constants.swift in Sources */ = {isa = PBXBuildFile; fileRef = E2BC5D012C14A4B900654538 /* Constants.swift */; };
		E2E9EBF02C11F019003E1B06 /* User.swift in Sources */ = {isa = PBXBuildFile; fileRef = E2E9EBEF2C11F018003E1B06 /* User.swift */; };
		E2E9EBF72C11F461003E1B06 /* GoogleService-Info.plist in Resources */ = {isa = PBXBuildFile; fileRef = E2E9EBF62C11F461003E1B06 /* GoogleService-Info.plist */; };
		E2F63A122C31A47A009D351A /* MessagesDataSource.swift in Sources */ = {isa = PBXBuildFile; fileRef = E2F63A112C31A47A009D351A /* MessagesDataSource.swift */; };
		E2F63A142C31A4F9009D351A /* MessageCellDelegate.swift in Sources */ = {isa = PBXBuildFile; fileRef = E2F63A132C31A4F9009D351A /* MessageCellDelegate.swift */; };
		E2F63A162C31A52A009D351A /* MessagesDisplayDelegate.swift in Sources */ = {isa = PBXBuildFile; fileRef = E2F63A152C31A52A009D351A /* MessagesDisplayDelegate.swift */; };
		E2F63A182C31A574009D351A /* MessagesLayoutDelegate.swift in Sources */ = {isa = PBXBuildFile; fileRef = E2F63A172C31A574009D351A /* MessagesLayoutDelegate.swift */; };
		E2F63A1A2C31A5C4009D351A /* InputBarAccessoryViewDelegate.swift in Sources */ = {isa = PBXBuildFile; fileRef = E2F63A192C31A5C4009D351A /* InputBarAccessoryViewDelegate.swift */; };
		E2F63A1C2C31A984009D351A /* MKSender.swift in Sources */ = {isa = PBXBuildFile; fileRef = E2F63A1B2C31A984009D351A /* MKSender.swift */; };
		E2F63A1E2C31AA4C009D351A /* MKMessage.swift in Sources */ = {isa = PBXBuildFile; fileRef = E2F63A1D2C31AA4C009D351A /* MKMessage.swift */; };
		E2F63A212C31AD40009D351A /* LocalMessage.swift in Sources */ = {isa = PBXBuildFile; fileRef = E2F63A202C31AD40009D351A /* LocalMessage.swift */; };
		E2F9C7532C3AC3D700B049D9 /* AudioRecorder.swift in Sources */ = {isa = PBXBuildFile; fileRef = E2F9C7522C3AC3D700B049D9 /* AudioRecorder.swift */; };
		E2F9C7552C3AD4CB00B049D9 /* AudioMessage.swift in Sources */ = {isa = PBXBuildFile; fileRef = E2F9C7542C3AD4CB00B049D9 /* AudioMessage.swift */; };
		E2F9C7572C3AD87000B049D9 /* CustomVoiceChatView.xib in Resources */ = {isa = PBXBuildFile; fileRef = E2F9C7562C3AD87000B049D9 /* CustomVoiceChatView.xib */; };
		E2F9C7592C3AD8DB00B049D9 /* CustomVoiceChatView.swift in Sources */ = {isa = PBXBuildFile; fileRef = E2F9C7582C3AD8DB00B049D9 /* CustomVoiceChatView.swift */; };
/* End PBXBuildFile section */

/* Begin PBXFileReference section */
		29693084F529DEC70CB70848 /* Pods-WhatsappClone.debug.xcconfig */ = {isa = PBXFileReference; includeInIndex = 1; lastKnownFileType = text.xcconfig; name = "Pods-WhatsappClone.debug.xcconfig"; path = "Target Support Files/Pods-WhatsappClone/Pods-WhatsappClone.debug.xcconfig"; sourceTree = "<group>"; };
		5E70839B9C060100193CD013 /* Pods_WhatsappClone.framework */ = {isa = PBXFileReference; explicitFileType = wrapper.framework; includeInIndex = 0; path = Pods_WhatsappClone.framework; sourceTree = BUILT_PRODUCTS_DIR; };
		E217CF5E2C2724EC00E554AD /* SettingsTableViewController.swift */ = {isa = PBXFileReference; lastKnownFileType = sourcecode.swift; path = SettingsTableViewController.swift; sourceTree = "<group>"; };
		E21E5E942C305616004C2BE8 /* ChatViewController.swift */ = {isa = PBXFileReference; lastKnownFileType = sourcecode.swift; path = ChatViewController.swift; sourceTree = "<group>"; };
		E22CA0EC2C29D37300A736AE /* ProfileTableViewController.swift */ = {isa = PBXFileReference; lastKnownFileType = sourcecode.swift; path = ProfileTableViewController.swift; sourceTree = "<group>"; };
		E233E0A92C343DBF0002B4D9 /* IncomingMessageHelper.swift */ = {isa = PBXFileReference; lastKnownFileType = sourcecode.swift; path = IncomingMessageHelper.swift; sourceTree = "<group>"; };
		E242B5062C0E0B0100642697 /* LoginViewController.swift */ = {isa = PBXFileReference; lastKnownFileType = sourcecode.swift; path = LoginViewController.swift; sourceTree = "<group>"; };
		E24FE7772C32EE3600F58417 /* DBManager.swift */ = {isa = PBXFileReference; lastKnownFileType = sourcecode.swift; path = DBManager.swift; sourceTree = "<group>"; };
		E24FE7792C32F2DD00F58417 /* OutgoingMessageHelper.swift */ = {isa = PBXFileReference; lastKnownFileType = sourcecode.swift; path = OutgoingMessageHelper.swift; sourceTree = "<group>"; };
		E24FE77B2C33006200F58417 /* FirebaseMessageListener.swift */ = {isa = PBXFileReference; lastKnownFileType = sourcecode.swift; path = FirebaseMessageListener.swift; sourceTree = "<group>"; };
		E251516C2C2CF6590038741C /* StartChatHelper.swift */ = {isa = PBXFileReference; lastKnownFileType = sourcecode.swift; path = StartChatHelper.swift; sourceTree = "<group>"; };
		E251516E2C2D181B0038741C /* FirebaseRecentChatListener.swift */ = {isa = PBXFileReference; lastKnownFileType = sourcecode.swift; path = FirebaseRecentChatListener.swift; sourceTree = "<group>"; };
		E25151742C2D229E0038741C /* RecentChatTableViewController.swift */ = {isa = PBXFileReference; lastKnownFileType = sourcecode.swift; path = RecentChatTableViewController.swift; sourceTree = "<group>"; };
		E26AE0FF2C1895FA0095C9D0 /* FCollectionReference.swift */ = {isa = PBXFileReference; lastKnownFileType = sourcecode.swift; path = FCollectionReference.swift; sourceTree = "<group>"; };
		E26AE1012C1896E70095C9D0 /* FirebaseUserListener.swift */ = {isa = PBXFileReference; lastKnownFileType = sourcecode.swift; path = FirebaseUserListener.swift; sourceTree = "<group>"; };
		E26F17262C39A24700713995 /* CustomImageChatView.xib */ = {isa = PBXFileReference; fileEncoding = 4; lastKnownFileType = file.xib; path = CustomImageChatView.xib; sourceTree = "<group>"; };
		E26F17282C39A27700713995 /* CustomImageChatView.swift */ = {isa = PBXFileReference; lastKnownFileType = sourcecode.swift; path = CustomImageChatView.swift; sourceTree = "<group>"; };
		E26F172A2C39A8E300713995 /* PhotoMessage.swift */ = {isa = PBXFileReference; lastKnownFileType = sourcecode.swift; path = PhotoMessage.swift; sourceTree = "<group>"; };
		E275A7622C36FF080029DE77 /* FirebaseTypingListener.swift */ = {isa = PBXFileReference; lastKnownFileType = sourcecode.swift; path = FirebaseTypingListener.swift; sourceTree = "<group>"; };
		E27F276E2C2BB922007875F0 /* RecentChatTableViewCell.swift */ = {isa = PBXFileReference; lastKnownFileType = sourcecode.swift; path = RecentChatTableViewCell.swift; sourceTree = "<group>"; };
		E27F27702C2BBFD9007875F0 /* Extension.swift */ = {isa = PBXFileReference; lastKnownFileType = sourcecode.swift; path = Extension.swift; sourceTree = "<group>"; };
		E28FBB502C35908100454DD7 /* CustomTextChatView.swift */ = {isa = PBXFileReference; lastKnownFileType = sourcecode.swift; path = CustomTextChatView.swift; sourceTree = "<group>"; };
		E28FBB522C3590D100454DD7 /* CustomTextChatView.xib */ = {isa = PBXFileReference; fileEncoding = 4; lastKnownFileType = file.xib; path = CustomTextChatView.xib; sourceTree = "<group>"; };
		E29F2A412C2A826E001C590F /* RecentChat.swift */ = {isa = PBXFileReference; lastKnownFileType = sourcecode.swift; path = RecentChat.swift; sourceTree = "<group>"; };
		E2A57A8B2C280C2D005BBD40 /* EditTableViewController.swift */ = {isa = PBXFileReference; lastKnownFileType = sourcecode.swift; path = EditTableViewController.swift; sourceTree = "<group>"; };
		E2A57A8E2C283687005BBD40 /* FirebaseStorageHelper.swift */ = {isa = PBXFileReference; lastKnownFileType = sourcecode.swift; path = FirebaseStorageHelper.swift; sourceTree = "<group>"; };
		E2A57A912C287124005BBD40 /* Util.swift */ = {isa = PBXFileReference; lastKnownFileType = sourcecode.swift; path = Util.swift; sourceTree = "<group>"; };
		E2A57A942C29046D005BBD40 /* ContactsTableViewCell.swift */ = {isa = PBXFileReference; lastKnownFileType = sourcecode.swift; path = ContactsTableViewCell.swift; sourceTree = "<group>"; };
		E2A57A962C290501005BBD40 /* ContactsTableViewController.swift */ = {isa = PBXFileReference; lastKnownFileType = sourcecode.swift; path = ContactsTableViewController.swift; sourceTree = "<group>"; };
		E2B0CF7A2C0B619A006CA5A5 /* WhatsappClone.app */ = {isa = PBXFileReference; explicitFileType = wrapper.application; includeInIndex = 0; path = WhatsappClone.app; sourceTree = BUILT_PRODUCTS_DIR; };
		E2B0CF7D2C0B619A006CA5A5 /* AppDelegate.swift */ = {isa = PBXFileReference; lastKnownFileType = sourcecode.swift; path = AppDelegate.swift; sourceTree = "<group>"; };
		E2B0CF7F2C0B619A006CA5A5 /* SceneDelegate.swift */ = {isa = PBXFileReference; lastKnownFileType = sourcecode.swift; path = SceneDelegate.swift; sourceTree = "<group>"; };
		E2B0CF812C0B619A006CA5A5 /* ViewController.swift */ = {isa = PBXFileReference; lastKnownFileType = sourcecode.swift; path = ViewController.swift; sourceTree = "<group>"; };
		E2B0CF842C0B619A006CA5A5 /* Base */ = {isa = PBXFileReference; lastKnownFileType = file.storyboard; name = Base; path = Base.lproj/Main.storyboard; sourceTree = "<group>"; };
		E2B0CF862C0B619C006CA5A5 /* Assets.xcassets */ = {isa = PBXFileReference; lastKnownFileType = folder.assetcatalog; path = Assets.xcassets; sourceTree = "<group>"; };
		E2B0CF892C0B619C006CA5A5 /* Base */ = {isa = PBXFileReference; lastKnownFileType = file.storyboard; name = Base; path = Base.lproj/LaunchScreen.storyboard; sourceTree = "<group>"; };
		E2B0CF8B2C0B619C006CA5A5 /* Info.plist */ = {isa = PBXFileReference; lastKnownFileType = text.plist.xml; path = Info.plist; sourceTree = "<group>"; };
		E2B5D0802C3AEAFF00CC1AA1 /* BasicAudioController.swift */ = {isa = PBXFileReference; fileEncoding = 4; lastKnownFileType = sourcecode.swift; path = BasicAudioController.swift; sourceTree = "<group>"; };
		E2B5D0832C3AFBD000CC1AA1 /* WhatsappClone.entitlements */ = {isa = PBXFileReference; lastKnownFileType = text.plist.entitlements; path = WhatsappClone.entitlements; sourceTree = "<group>"; };
		E2BC5D012C14A4B900654538 /* Constants.swift */ = {isa = PBXFileReference; lastKnownFileType = sourcecode.swift; path = Constants.swift; sourceTree = "<group>"; };
		E2E9EBEF2C11F018003E1B06 /* User.swift */ = {isa = PBXFileReference; lastKnownFileType = sourcecode.swift; path = User.swift; sourceTree = "<group>"; };
		E2E9EBF62C11F461003E1B06 /* GoogleService-Info.plist */ = {isa = PBXFileReference; fileEncoding = 4; lastKnownFileType = text.plist.xml; path = "GoogleService-Info.plist"; sourceTree = "<group>"; };
		E2F63A112C31A47A009D351A /* MessagesDataSource.swift */ = {isa = PBXFileReference; lastKnownFileType = sourcecode.swift; path = MessagesDataSource.swift; sourceTree = "<group>"; };
		E2F63A132C31A4F9009D351A /* MessageCellDelegate.swift */ = {isa = PBXFileReference; lastKnownFileType = sourcecode.swift; path = MessageCellDelegate.swift; sourceTree = "<group>"; };
		E2F63A152C31A52A009D351A /* MessagesDisplayDelegate.swift */ = {isa = PBXFileReference; lastKnownFileType = sourcecode.swift; path = MessagesDisplayDelegate.swift; sourceTree = "<group>"; };
		E2F63A172C31A574009D351A /* MessagesLayoutDelegate.swift */ = {isa = PBXFileReference; lastKnownFileType = sourcecode.swift; path = MessagesLayoutDelegate.swift; sourceTree = "<group>"; };
		E2F63A192C31A5C4009D351A /* InputBarAccessoryViewDelegate.swift */ = {isa = PBXFileReference; lastKnownFileType = sourcecode.swift; path = InputBarAccessoryViewDelegate.swift; sourceTree = "<group>"; };
		E2F63A1B2C31A984009D351A /* MKSender.swift */ = {isa = PBXFileReference; lastKnownFileType = sourcecode.swift; path = MKSender.swift; sourceTree = "<group>"; };
		E2F63A1D2C31AA4C009D351A /* MKMessage.swift */ = {isa = PBXFileReference; lastKnownFileType = sourcecode.swift; path = MKMessage.swift; sourceTree = "<group>"; };
		E2F63A202C31AD40009D351A /* LocalMessage.swift */ = {isa = PBXFileReference; lastKnownFileType = sourcecode.swift; path = LocalMessage.swift; sourceTree = "<group>"; };
		E2F9C7522C3AC3D700B049D9 /* AudioRecorder.swift */ = {isa = PBXFileReference; lastKnownFileType = sourcecode.swift; path = AudioRecorder.swift; sourceTree = "<group>"; };
		E2F9C7542C3AD4CB00B049D9 /* AudioMessage.swift */ = {isa = PBXFileReference; lastKnownFileType = sourcecode.swift; path = AudioMessage.swift; sourceTree = "<group>"; };
		E2F9C7562C3AD87000B049D9 /* CustomVoiceChatView.xib */ = {isa = PBXFileReference; fileEncoding = 4; lastKnownFileType = file.xib; path = CustomVoiceChatView.xib; sourceTree = "<group>"; };
		E2F9C7582C3AD8DB00B049D9 /* CustomVoiceChatView.swift */ = {isa = PBXFileReference; lastKnownFileType = sourcecode.swift; path = CustomVoiceChatView.swift; sourceTree = "<group>"; };
		E74BB904DB28E19EF07052BE /* Pods-WhatsappClone.release.xcconfig */ = {isa = PBXFileReference; includeInIndex = 1; lastKnownFileType = text.xcconfig; name = "Pods-WhatsappClone.release.xcconfig"; path = "Target Support Files/Pods-WhatsappClone/Pods-WhatsappClone.release.xcconfig"; sourceTree = "<group>"; };
/* End PBXFileReference section */

/* Begin PBXFrameworksBuildPhase section */
		E2B0CF772C0B619A006CA5A5 /* Frameworks */ = {
			isa = PBXFrameworksBuildPhase;
			buildActionMask = 2147483647;
			files = (
				119E5E16D06663A146D0A062 /* Pods_WhatsappClone.framework in Frameworks */,
			);
			runOnlyForDeploymentPostprocessing = 0;
		};
/* End PBXFrameworksBuildPhase section */

/* Begin PBXGroup section */
		51A6EF5191D364790A88C4CD /* Frameworks */ = {
			isa = PBXGroup;
			children = (
				5E70839B9C060100193CD013 /* Pods_WhatsappClone.framework */,
			);
			name = Frameworks;
			sourceTree = "<group>";
		};
		9B1767BE398DA9D7269896E1 /* Pods */ = {
			isa = PBXGroup;
			children = (
				29693084F529DEC70CB70848 /* Pods-WhatsappClone.debug.xcconfig */,
				E74BB904DB28E19EF07052BE /* Pods-WhatsappClone.release.xcconfig */,
			);
			path = Pods;
			sourceTree = "<group>";
		};
		E21E5E932C3055F8004C2BE8 /* ChatView */ = {
			isa = PBXGroup;
			children = (
				E28FBB4F2C35906400454DD7 /* CustomCell */,
				E2F63A102C31A450009D351A /* ChatViewExtension */,
				E21E5E942C305616004C2BE8 /* ChatViewController.swift */,
			);
			path = ChatView;
			sourceTree = "<group>";
		};
		E27F276D2C2BB913007875F0 /* RecentChatsView */ = {
			isa = PBXGroup;
			children = (
				E27F276E2C2BB922007875F0 /* RecentChatTableViewCell.swift */,
				E25151742C2D229E0038741C /* RecentChatTableViewController.swift */,
			);
			path = RecentChatsView;
			sourceTree = "<group>";
		};
		E28FBB4F2C35906400454DD7 /* CustomCell */ = {
			isa = PBXGroup;
			children = (
				E2F9C7562C3AD87000B049D9 /* CustomVoiceChatView.xib */,
				E26F17262C39A24700713995 /* CustomImageChatView.xib */,
				E28FBB522C3590D100454DD7 /* CustomTextChatView.xib */,
				E28FBB502C35908100454DD7 /* CustomTextChatView.swift */,
				E26F17282C39A27700713995 /* CustomImageChatView.swift */,
				E2F9C7582C3AD8DB00B049D9 /* CustomVoiceChatView.swift */,
			);
			path = CustomCell;
			sourceTree = "<group>";
		};
		E2A57A892C280B8D005BBD40 /* View */ = {
			isa = PBXGroup;
			children = (
				E21E5E932C3055F8004C2BE8 /* ChatView */,
				E27F276D2C2BB913007875F0 /* RecentChatsView */,
				E2A57A932C290443005BBD40 /* ContactsView */,
				E2A57A8A2C280BCB005BBD40 /* SettingsView */,
				E2B0CF812C0B619A006CA5A5 /* ViewController.swift */,
				E242B5062C0E0B0100642697 /* LoginViewController.swift */,
				E22CA0EC2C29D37300A736AE /* ProfileTableViewController.swift */,
			);
			path = View;
			sourceTree = "<group>";
		};
		E2A57A8A2C280BCB005BBD40 /* SettingsView */ = {
			isa = PBXGroup;
			children = (
				E217CF5E2C2724EC00E554AD /* SettingsTableViewController.swift */,
				E2A57A8B2C280C2D005BBD40 /* EditTableViewController.swift */,
			);
			path = SettingsView;
			sourceTree = "<group>";
		};
		E2A57A8D2C28360F005BBD40 /* FirebaseHelper */ = {
			isa = PBXGroup;
			children = (
				E26AE0FF2C1895FA0095C9D0 /* FCollectionReference.swift */,
				E26AE1012C1896E70095C9D0 /* FirebaseUserListener.swift */,
				E2A57A8E2C283687005BBD40 /* FirebaseStorageHelper.swift */,
				E251516E2C2D181B0038741C /* FirebaseRecentChatListener.swift */,
				E24FE77B2C33006200F58417 /* FirebaseMessageListener.swift */,
				E275A7622C36FF080029DE77 /* FirebaseTypingListener.swift */,
			);
			path = FirebaseHelper;
			sourceTree = "<group>";
		};
		E2A57A902C287114005BBD40 /* Helper */ = {
			isa = PBXGroup;
			children = (
				E2B5D0802C3AEAFF00CC1AA1 /* BasicAudioController.swift */,
				E2A57A912C287124005BBD40 /* Util.swift */,
				E27F27702C2BBFD9007875F0 /* Extension.swift */,
				E251516C2C2CF6590038741C /* StartChatHelper.swift */,
				E24FE7772C32EE3600F58417 /* DBManager.swift */,
				E24FE7792C32F2DD00F58417 /* OutgoingMessageHelper.swift */,
				E233E0A92C343DBF0002B4D9 /* IncomingMessageHelper.swift */,
				E2F9C7522C3AC3D700B049D9 /* AudioRecorder.swift */,
			);
			path = Helper;
			sourceTree = "<group>";
		};
		E2A57A932C290443005BBD40 /* ContactsView */ = {
			isa = PBXGroup;
			children = (
				E2A57A942C29046D005BBD40 /* ContactsTableViewCell.swift */,
				E2A57A962C290501005BBD40 /* ContactsTableViewController.swift */,
			);
			path = ContactsView;
			sourceTree = "<group>";
		};
		E2B0CF712C0B619A006CA5A5 = {
			isa = PBXGroup;
			children = (
				E2B0CF7C2C0B619A006CA5A5 /* WhatsappClone */,
				E2B0CF7B2C0B619A006CA5A5 /* Products */,
				9B1767BE398DA9D7269896E1 /* Pods */,
				51A6EF5191D364790A88C4CD /* Frameworks */,
			);
			sourceTree = "<group>";
		};
		E2B0CF7B2C0B619A006CA5A5 /* Products */ = {
			isa = PBXGroup;
			children = (
				E2B0CF7A2C0B619A006CA5A5 /* WhatsappClone.app */,
			);
			name = Products;
			sourceTree = "<group>";
		};
		E2B0CF7C2C0B619A006CA5A5 /* WhatsappClone */ = {
			isa = PBXGroup;
			children = (
				E2B5D0832C3AFBD000CC1AA1 /* WhatsappClone.entitlements */,
				E2A57A902C287114005BBD40 /* Helper */,
				E2A57A8D2C28360F005BBD40 /* FirebaseHelper */,
				E2A57A892C280B8D005BBD40 /* View */,
				E2E9EBF62C11F461003E1B06 /* GoogleService-Info.plist */,
				E2E9EBEE2C11F005003E1B06 /* Model */,
				E2B0CF7D2C0B619A006CA5A5 /* AppDelegate.swift */,
				E2B0CF7F2C0B619A006CA5A5 /* SceneDelegate.swift */,
				E2B0CF832C0B619A006CA5A5 /* Main.storyboard */,
				E2B0CF862C0B619C006CA5A5 /* Assets.xcassets */,
				E2B0CF882C0B619C006CA5A5 /* LaunchScreen.storyboard */,
				E2B0CF8B2C0B619C006CA5A5 /* Info.plist */,
				E2BC5D012C14A4B900654538 /* Constants.swift */,
			);
			path = WhatsappClone;
			sourceTree = "<group>";
		};
		E2E9EBEE2C11F005003E1B06 /* Model */ = {
			isa = PBXGroup;
			children = (
				E2F63A1F2C31AD32009D351A /* DBModel */,
				E2E9EBEF2C11F018003E1B06 /* User.swift */,
				E29F2A412C2A826E001C590F /* RecentChat.swift */,
				E2F63A1B2C31A984009D351A /* MKSender.swift */,
				E2F63A1D2C31AA4C009D351A /* MKMessage.swift */,
				E26F172A2C39A8E300713995 /* PhotoMessage.swift */,
				E2F9C7542C3AD4CB00B049D9 /* AudioMessage.swift */,
			);
			path = Model;
			sourceTree = "<group>";
		};
		E2F63A102C31A450009D351A /* ChatViewExtension */ = {
			isa = PBXGroup;
			children = (
				E2F63A112C31A47A009D351A /* MessagesDataSource.swift */,
				E2F63A132C31A4F9009D351A /* MessageCellDelegate.swift */,
				E2F63A152C31A52A009D351A /* MessagesDisplayDelegate.swift */,
				E2F63A172C31A574009D351A /* MessagesLayoutDelegate.swift */,
				E2F63A192C31A5C4009D351A /* InputBarAccessoryViewDelegate.swift */,
			);
			path = ChatViewExtension;
			sourceTree = "<group>";
		};
		E2F63A1F2C31AD32009D351A /* DBModel */ = {
			isa = PBXGroup;
			children = (
				E2F63A202C31AD40009D351A /* LocalMessage.swift */,
			);
			path = DBModel;
			sourceTree = "<group>";
		};
/* End PBXGroup section */

/* Begin PBXNativeTarget section */
		E2B0CF792C0B619A006CA5A5 /* WhatsappClone */ = {
			isa = PBXNativeTarget;
			buildConfigurationList = E2B0CF8E2C0B619C006CA5A5 /* Build configuration list for PBXNativeTarget "WhatsappClone" */;
			buildPhases = (
				D95FF60E76C5A9C943BF6111 /* [CP] Check Pods Manifest.lock */,
				E2B0CF762C0B619A006CA5A5 /* Sources */,
				E2B0CF772C0B619A006CA5A5 /* Frameworks */,
				E2B0CF782C0B619A006CA5A5 /* Resources */,
				FE2FD810072231B81C8AEE66 /* [CP] Embed Pods Frameworks */,
			);
			buildRules = (
			);
			dependencies = (
			);
			name = WhatsappClone;
			productName = WhatsappClone;
			productReference = E2B0CF7A2C0B619A006CA5A5 /* WhatsappClone.app */;
			productType = "com.apple.product-type.application";
		};
/* End PBXNativeTarget section */

/* Begin PBXProject section */
		E2B0CF722C0B619A006CA5A5 /* Project object */ = {
			isa = PBXProject;
			attributes = {
				BuildIndependentTargetsInParallel = 1;
				LastSwiftUpdateCheck = 1530;
				LastUpgradeCheck = 1530;
				TargetAttributes = {
					E2B0CF792C0B619A006CA5A5 = {
						CreatedOnToolsVersion = 15.3;
					};
				};
			};
			buildConfigurationList = E2B0CF752C0B619A006CA5A5 /* Build configuration list for PBXProject "WhatsappClone" */;
			compatibilityVersion = "Xcode 14.0";
			developmentRegion = en;
			hasScannedForEncodings = 0;
			knownRegions = (
				en,
				Base,
			);
			mainGroup = E2B0CF712C0B619A006CA5A5;
			productRefGroup = E2B0CF7B2C0B619A006CA5A5 /* Products */;
			projectDirPath = "";
			projectRoot = "";
			targets = (
				E2B0CF792C0B619A006CA5A5 /* WhatsappClone */,
			);
		};
/* End PBXProject section */

/* Begin PBXResourcesBuildPhase section */
		E2B0CF782C0B619A006CA5A5 /* Resources */ = {
			isa = PBXResourcesBuildPhase;
			buildActionMask = 2147483647;
			files = (
				E2B0CF872C0B619C006CA5A5 /* Assets.xcassets in Resources */,
				E26F17272C39A24700713995 /* CustomImageChatView.xib in Resources */,
				E28FBB532C3590D100454DD7 /* CustomTextChatView.xib in Resources */,
				E2F9C7572C3AD87000B049D9 /* CustomVoiceChatView.xib in Resources */,
				E2B0CF8A2C0B619C006CA5A5 /* Base in Resources */,
				E2B0CF852C0B619A006CA5A5 /* Base in Resources */,
				E2E9EBF72C11F461003E1B06 /* GoogleService-Info.plist in Resources */,
			);
			runOnlyForDeploymentPostprocessing = 0;
		};
/* End PBXResourcesBuildPhase section */

/* Begin PBXShellScriptBuildPhase section */
		D95FF60E76C5A9C943BF6111 /* [CP] Check Pods Manifest.lock */ = {
			isa = PBXShellScriptBuildPhase;
			buildActionMask = 2147483647;
			files = (
			);
			inputFileListPaths = (
			);
			inputPaths = (
				"${PODS_PODFILE_DIR_PATH}/Podfile.lock",
				"${PODS_ROOT}/Manifest.lock",
			);
			name = "[CP] Check Pods Manifest.lock";
			outputFileListPaths = (
			);
			outputPaths = (
				"$(DERIVED_FILE_DIR)/Pods-WhatsappClone-checkManifestLockResult.txt",
			);
			runOnlyForDeploymentPostprocessing = 0;
			shellPath = /bin/sh;
			shellScript = "diff \"${PODS_PODFILE_DIR_PATH}/Podfile.lock\" \"${PODS_ROOT}/Manifest.lock\" > /dev/null\nif [ $? != 0 ] ; then\n    # print error to STDERR\n    echo \"error: The sandbox is not in sync with the Podfile.lock. Run 'pod install' or update your CocoaPods installation.\" >&2\n    exit 1\nfi\n# This output is used by Xcode 'outputs' to avoid re-running this script phase.\necho \"SUCCESS\" > \"${SCRIPT_OUTPUT_FILE_0}\"\n";
			showEnvVarsInLog = 0;
		};
		FE2FD810072231B81C8AEE66 /* [CP] Embed Pods Frameworks */ = {
			isa = PBXShellScriptBuildPhase;
			buildActionMask = 2147483647;
			files = (
			);
			inputFileListPaths = (
				"${PODS_ROOT}/Target Support Files/Pods-WhatsappClone/Pods-WhatsappClone-frameworks-${CONFIGURATION}-input-files.xcfilelist",
			);
			name = "[CP] Embed Pods Frameworks";
			outputFileListPaths = (
				"${PODS_ROOT}/Target Support Files/Pods-WhatsappClone/Pods-WhatsappClone-frameworks-${CONFIGURATION}-output-files.xcfilelist",
			);
			runOnlyForDeploymentPostprocessing = 0;
			shellPath = /bin/sh;
			shellScript = "\"${PODS_ROOT}/Target Support Files/Pods-WhatsappClone/Pods-WhatsappClone-frameworks.sh\"\n";
			showEnvVarsInLog = 0;
		};
/* End PBXShellScriptBuildPhase section */

/* Begin PBXSourcesBuildPhase section */
		E2B0CF762C0B619A006CA5A5 /* Sources */ = {
			isa = PBXSourcesBuildPhase;
			buildActionMask = 2147483647;
			files = (
				E242B5072C0E0B0100642697 /* LoginViewController.swift in Sources */,
				E2B5D0812C3AEAFF00CC1AA1 /* BasicAudioController.swift in Sources */,
				E2F63A1A2C31A5C4009D351A /* InputBarAccessoryViewDelegate.swift in Sources */,
				E2B0CF822C0B619A006CA5A5 /* ViewController.swift in Sources */,
				E21E5E952C305616004C2BE8 /* ChatViewController.swift in Sources */,
				E251516F2C2D181B0038741C /* FirebaseRecentChatListener.swift in Sources */,
				E251516D2C2CF6590038741C /* StartChatHelper.swift in Sources */,
				E2B0CF7E2C0B619A006CA5A5 /* AppDelegate.swift in Sources */,
				E24FE77A2C32F2DD00F58417 /* OutgoingMessageHelper.swift in Sources */,
				E26F17292C39A27800713995 /* CustomImageChatView.swift in Sources */,
				E24FE7782C32EE3600F58417 /* DBManager.swift in Sources */,
				E2F63A1E2C31AA4C009D351A /* MKMessage.swift in Sources */,
				E2F63A182C31A574009D351A /* MessagesLayoutDelegate.swift in Sources */,
				E2A57A8C2C280C2D005BBD40 /* EditTableViewController.swift in Sources */,
				E2A57A952C29046D005BBD40 /* ContactsTableViewCell.swift in Sources */,
				E26AE1022C1896E70095C9D0 /* FirebaseUserListener.swift in Sources */,
				E22CA0ED2C29D37300A736AE /* ProfileTableViewController.swift in Sources */,
				E2A57A972C290501005BBD40 /* ContactsTableViewController.swift in Sources */,
				E2E9EBF02C11F019003E1B06 /* User.swift in Sources */,
				E275A7632C36FF080029DE77 /* FirebaseTypingListener.swift in Sources */,
				E24FE77C2C33006200F58417 /* FirebaseMessageListener.swift in Sources */,
				E2F63A1C2C31A984009D351A /* MKSender.swift in Sources */,
				E2F9C7532C3AC3D700B049D9 /* AudioRecorder.swift in Sources */,
				E2F63A142C31A4F9009D351A /* MessageCellDelegate.swift in Sources */,
				E27F27712C2BBFD9007875F0 /* Extension.swift in Sources */,
				E2B0CF802C0B619A006CA5A5 /* SceneDelegate.swift in Sources */,
				E2F63A212C31AD40009D351A /* LocalMessage.swift in Sources */,
				E2A57A922C287124005BBD40 /* Util.swift in Sources */,
				E2F63A122C31A47A009D351A /* MessagesDataSource.swift in Sources */,
				E233E0AA2C343DBF0002B4D9 /* IncomingMessageHelper.swift in Sources */,
				E25151752C2D229E0038741C /* RecentChatTableViewController.swift in Sources */,
				E2A57A8F2C283687005BBD40 /* FirebaseStorageHelper.swift in Sources */,
				E29F2A422C2A826E001C590F /* RecentChat.swift in Sources */,
				E2F63A162C31A52A009D351A /* MessagesDisplayDelegate.swift in Sources */,
				E27F276F2C2BB922007875F0 /* RecentChatTableViewCell.swift in Sources */,
				E26AE1002C1895FA0095C9D0 /* FCollectionReference.swift in Sources */,
				E2BC5D022C14A4B900654538 /* Constants.swift in Sources */,
				E2F9C7552C3AD4CB00B049D9 /* AudioMessage.swift in Sources */,
				E217CF5F2C2724EC00E554AD /* SettingsTableViewController.swift in Sources */,
				E26F172B2C39A8E300713995 /* PhotoMessage.swift in Sources */,
				E2F9C7592C3AD8DB00B049D9 /* CustomVoiceChatView.swift in Sources */,
				E28FBB512C35908100454DD7 /* CustomTextChatView.swift in Sources */,
			);
			runOnlyForDeploymentPostprocessing = 0;
		};
/* End PBXSourcesBuildPhase section */

/* Begin PBXVariantGroup section */
		E2B0CF832C0B619A006CA5A5 /* Main.storyboard */ = {
			isa = PBXVariantGroup;
			children = (
				E2B0CF842C0B619A006CA5A5 /* Base */,
			);
			name = Main.storyboard;
			sourceTree = "<group>";
		};
		E2B0CF882C0B619C006CA5A5 /* LaunchScreen.storyboard */ = {
			isa = PBXVariantGroup;
			children = (
				E2B0CF892C0B619C006CA5A5 /* Base */,
			);
			name = LaunchScreen.storyboard;
			sourceTree = "<group>";
		};
/* End PBXVariantGroup section */

/* Begin XCBuildConfiguration section */
		E2B0CF8C2C0B619C006CA5A5 /* Debug */ = {
			isa = XCBuildConfiguration;
			buildSettings = {
				ALWAYS_SEARCH_USER_PATHS = NO;
				ASSETCATALOG_COMPILER_GENERATE_SWIFT_ASSET_SYMBOL_EXTENSIONS = YES;
				CLANG_ANALYZER_NONNULL = YES;
				CLANG_ANALYZER_NUMBER_OBJECT_CONVERSION = YES_AGGRESSIVE;
				CLANG_CXX_LANGUAGE_STANDARD = "gnu++20";
				CLANG_ENABLE_MODULES = YES;
				CLANG_ENABLE_OBJC_ARC = YES;
				CLANG_ENABLE_OBJC_WEAK = YES;
				CLANG_WARN_BLOCK_CAPTURE_AUTORELEASING = YES;
				CLANG_WARN_BOOL_CONVERSION = YES;
				CLANG_WARN_COMMA = YES;
				CLANG_WARN_CONSTANT_CONVERSION = YES;
				CLANG_WARN_DEPRECATED_OBJC_IMPLEMENTATIONS = YES;
				CLANG_WARN_DIRECT_OBJC_ISA_USAGE = YES_ERROR;
				CLANG_WARN_DOCUMENTATION_COMMENTS = YES;
				CLANG_WARN_EMPTY_BODY = YES;
				CLANG_WARN_ENUM_CONVERSION = YES;
				CLANG_WARN_INFINITE_RECURSION = YES;
				CLANG_WARN_INT_CONVERSION = YES;
				CLANG_WARN_NON_LITERAL_NULL_CONVERSION = YES;
				CLANG_WARN_OBJC_IMPLICIT_RETAIN_SELF = YES;
				CLANG_WARN_OBJC_LITERAL_CONVERSION = YES;
				CLANG_WARN_OBJC_ROOT_CLASS = YES_ERROR;
				CLANG_WARN_QUOTED_INCLUDE_IN_FRAMEWORK_HEADER = YES;
				CLANG_WARN_RANGE_LOOP_ANALYSIS = YES;
				CLANG_WARN_STRICT_PROTOTYPES = YES;
				CLANG_WARN_SUSPICIOUS_MOVE = YES;
				CLANG_WARN_UNGUARDED_AVAILABILITY = YES_AGGRESSIVE;
				CLANG_WARN_UNREACHABLE_CODE = YES;
				CLANG_WARN__DUPLICATE_METHOD_MATCH = YES;
				COPY_PHASE_STRIP = NO;
				DEBUG_INFORMATION_FORMAT = dwarf;
				ENABLE_STRICT_OBJC_MSGSEND = YES;
				ENABLE_TESTABILITY = YES;
				ENABLE_USER_SCRIPT_SANDBOXING = YES;
				GCC_C_LANGUAGE_STANDARD = gnu17;
				GCC_DYNAMIC_NO_PIC = NO;
				GCC_NO_COMMON_BLOCKS = YES;
				GCC_OPTIMIZATION_LEVEL = 0;
				GCC_PREPROCESSOR_DEFINITIONS = (
					"DEBUG=1",
					"$(inherited)",
				);
				GCC_WARN_64_TO_32_BIT_CONVERSION = YES;
				GCC_WARN_ABOUT_RETURN_TYPE = YES_ERROR;
				GCC_WARN_UNDECLARED_SELECTOR = YES;
				GCC_WARN_UNINITIALIZED_AUTOS = YES_AGGRESSIVE;
				GCC_WARN_UNUSED_FUNCTION = YES;
				GCC_WARN_UNUSED_VARIABLE = YES;
				IPHONEOS_DEPLOYMENT_TARGET = 17.4;
				LOCALIZATION_PREFERS_STRING_CATALOGS = YES;
				MTL_ENABLE_DEBUG_INFO = INCLUDE_SOURCE;
				MTL_FAST_MATH = YES;
				ONLY_ACTIVE_ARCH = YES;
				SDKROOT = iphoneos;
				SWIFT_ACTIVE_COMPILATION_CONDITIONS = "DEBUG $(inherited)";
				SWIFT_OPTIMIZATION_LEVEL = "-Onone";
			};
			name = Debug;
		};
		E2B0CF8D2C0B619C006CA5A5 /* Release */ = {
			isa = XCBuildConfiguration;
			buildSettings = {
				ALWAYS_SEARCH_USER_PATHS = NO;
				ASSETCATALOG_COMPILER_GENERATE_SWIFT_ASSET_SYMBOL_EXTENSIONS = YES;
				CLANG_ANALYZER_NONNULL = YES;
				CLANG_ANALYZER_NUMBER_OBJECT_CONVERSION = YES_AGGRESSIVE;
				CLANG_CXX_LANGUAGE_STANDARD = "gnu++20";
				CLANG_ENABLE_MODULES = YES;
				CLANG_ENABLE_OBJC_ARC = YES;
				CLANG_ENABLE_OBJC_WEAK = YES;
				CLANG_WARN_BLOCK_CAPTURE_AUTORELEASING = YES;
				CLANG_WARN_BOOL_CONVERSION = YES;
				CLANG_WARN_COMMA = YES;
				CLANG_WARN_CONSTANT_CONVERSION = YES;
				CLANG_WARN_DEPRECATED_OBJC_IMPLEMENTATIONS = YES;
				CLANG_WARN_DIRECT_OBJC_ISA_USAGE = YES_ERROR;
				CLANG_WARN_DOCUMENTATION_COMMENTS = YES;
				CLANG_WARN_EMPTY_BODY = YES;
				CLANG_WARN_ENUM_CONVERSION = YES;
				CLANG_WARN_INFINITE_RECURSION = YES;
				CLANG_WARN_INT_CONVERSION = YES;
				CLANG_WARN_NON_LITERAL_NULL_CONVERSION = YES;
				CLANG_WARN_OBJC_IMPLICIT_RETAIN_SELF = YES;
				CLANG_WARN_OBJC_LITERAL_CONVERSION = YES;
				CLANG_WARN_OBJC_ROOT_CLASS = YES_ERROR;
				CLANG_WARN_QUOTED_INCLUDE_IN_FRAMEWORK_HEADER = YES;
				CLANG_WARN_RANGE_LOOP_ANALYSIS = YES;
				CLANG_WARN_STRICT_PROTOTYPES = YES;
				CLANG_WARN_SUSPICIOUS_MOVE = YES;
				CLANG_WARN_UNGUARDED_AVAILABILITY = YES_AGGRESSIVE;
				CLANG_WARN_UNREACHABLE_CODE = YES;
				CLANG_WARN__DUPLICATE_METHOD_MATCH = YES;
				COPY_PHASE_STRIP = NO;
				DEBUG_INFORMATION_FORMAT = "dwarf-with-dsym";
				ENABLE_NS_ASSERTIONS = NO;
				ENABLE_STRICT_OBJC_MSGSEND = YES;
				ENABLE_USER_SCRIPT_SANDBOXING = YES;
				GCC_C_LANGUAGE_STANDARD = gnu17;
				GCC_NO_COMMON_BLOCKS = YES;
				GCC_WARN_64_TO_32_BIT_CONVERSION = YES;
				GCC_WARN_ABOUT_RETURN_TYPE = YES_ERROR;
				GCC_WARN_UNDECLARED_SELECTOR = YES;
				GCC_WARN_UNINITIALIZED_AUTOS = YES_AGGRESSIVE;
				GCC_WARN_UNUSED_FUNCTION = YES;
				GCC_WARN_UNUSED_VARIABLE = YES;
				IPHONEOS_DEPLOYMENT_TARGET = 17.4;
				LOCALIZATION_PREFERS_STRING_CATALOGS = YES;
				MTL_ENABLE_DEBUG_INFO = NO;
				MTL_FAST_MATH = YES;
				SDKROOT = iphoneos;
				SWIFT_COMPILATION_MODE = wholemodule;
				VALIDATE_PRODUCT = YES;
			};
			name = Release;
		};
		E2B0CF8F2C0B619C006CA5A5 /* Debug */ = {
			isa = XCBuildConfiguration;
			baseConfigurationReference = 29693084F529DEC70CB70848 /* Pods-WhatsappClone.debug.xcconfig */;
			buildSettings = {
				ASSETCATALOG_COMPILER_APPICON_NAME = AppIcon;
				ASSETCATALOG_COMPILER_GLOBAL_ACCENT_COLOR_NAME = AccentColor;
				CODE_SIGN_ENTITLEMENTS = WhatsappClone/WhatsappClone.entitlements;
				CODE_SIGN_STYLE = Automatic;
				CURRENT_PROJECT_VERSION = 1;
				DEVELOPMENT_TEAM = TQTKK274J3;
				ENABLE_USER_SCRIPT_SANDBOXING = NO;
				GENERATE_INFOPLIST_FILE = YES;
				INFOPLIST_FILE = WhatsappClone/Info.plist;
				INFOPLIST_KEY_NSCameraUsageDescription = "$(PRODUCT_NAME) would like to use your camera";
				INFOPLIST_KEY_NSMicrophoneUsageDescription = "$(PRODUCT_NAME) would like to use your microphone";
				INFOPLIST_KEY_NSPhotoLibraryUsageDescription = "$(PRODUCT_NAME) would like to use your photo library";
				INFOPLIST_KEY_UIApplicationSupportsIndirectInputEvents = YES;
				INFOPLIST_KEY_UILaunchStoryboardName = LaunchScreen;
				INFOPLIST_KEY_UIMainStoryboardFile = Main;
				INFOPLIST_KEY_UISupportedInterfaceOrientations_iPad = "UIInterfaceOrientationPortrait UIInterfaceOrientationPortraitUpsideDown UIInterfaceOrientationLandscapeLeft UIInterfaceOrientationLandscapeRight";
				INFOPLIST_KEY_UISupportedInterfaceOrientations_iPhone = "UIInterfaceOrientationPortrait UIInterfaceOrientationLandscapeLeft UIInterfaceOrientationLandscapeRight";
				LD_RUNPATH_SEARCH_PATHS = (
					"$(inherited)",
					"@executable_path/Frameworks",
				);
				MARKETING_VERSION = 1.0;
				PRODUCT_BUNDLE_IDENTIFIER = com.nandawperdana.WhatsappClone;
				PRODUCT_NAME = "$(TARGET_NAME)";
				SWIFT_EMIT_LOC_STRINGS = YES;
				SWIFT_VERSION = 5.0;
				TARGETED_DEVICE_FAMILY = "1,2";
			};
			name = Debug;
		};
		E2B0CF902C0B619C006CA5A5 /* Release */ = {
			isa = XCBuildConfiguration;
			baseConfigurationReference = E74BB904DB28E19EF07052BE /* Pods-WhatsappClone.release.xcconfig */;
			buildSettings = {
				ASSETCATALOG_COMPILER_APPICON_NAME = AppIcon;
				ASSETCATALOG_COMPILER_GLOBAL_ACCENT_COLOR_NAME = AccentColor;
				CODE_SIGN_ENTITLEMENTS = WhatsappClone/WhatsappClone.entitlements;
				CODE_SIGN_STYLE = Automatic;
				CURRENT_PROJECT_VERSION = 1;
				DEVELOPMENT_TEAM = TQTKK274J3;
				ENABLE_USER_SCRIPT_SANDBOXING = NO;
				GENERATE_INFOPLIST_FILE = YES;
				INFOPLIST_FILE = WhatsappClone/Info.plist;
				INFOPLIST_KEY_NSCameraUsageDescription = "$(PRODUCT_NAME) would like to use your camera";
				INFOPLIST_KEY_NSMicrophoneUsageDescription = "$(PRODUCT_NAME) would like to use your microphone";
				INFOPLIST_KEY_NSPhotoLibraryUsageDescription = "$(PRODUCT_NAME) would like to use your photo library";
				INFOPLIST_KEY_UIApplicationSupportsIndirectInputEvents = YES;
				INFOPLIST_KEY_UILaunchStoryboardName = LaunchScreen;
				INFOPLIST_KEY_UIMainStoryboardFile = Main;
				INFOPLIST_KEY_UISupportedInterfaceOrientations_iPad = "UIInterfaceOrientationPortrait UIInterfaceOrientationPortraitUpsideDown UIInterfaceOrientationLandscapeLeft UIInterfaceOrientationLandscapeRight";
				INFOPLIST_KEY_UISupportedInterfaceOrientations_iPhone = "UIInterfaceOrientationPortrait UIInterfaceOrientationLandscapeLeft UIInterfaceOrientationLandscapeRight";
				LD_RUNPATH_SEARCH_PATHS = (
					"$(inherited)",
					"@executable_path/Frameworks",
				);
				MARKETING_VERSION = 1.0;
				PRODUCT_BUNDLE_IDENTIFIER = com.nandawperdana.WhatsappClone;
				PRODUCT_NAME = "$(TARGET_NAME)";
				SWIFT_EMIT_LOC_STRINGS = YES;
				SWIFT_VERSION = 5.0;
				TARGETED_DEVICE_FAMILY = "1,2";
			};
			name = Release;
		};
/* End XCBuildConfiguration section */

/* Begin XCConfigurationList section */
		E2B0CF752C0B619A006CA5A5 /* Build configuration list for PBXProject "WhatsappClone" */ = {
			isa = XCConfigurationList;
			buildConfigurations = (
				E2B0CF8C2C0B619C006CA5A5 /* Debug */,
				E2B0CF8D2C0B619C006CA5A5 /* Release */,
			);
			defaultConfigurationIsVisible = 0;
			defaultConfigurationName = Release;
		};
		E2B0CF8E2C0B619C006CA5A5 /* Build configuration list for PBXNativeTarget "WhatsappClone" */ = {
			isa = XCConfigurationList;
			buildConfigurations = (
				E2B0CF8F2C0B619C006CA5A5 /* Debug */,
				E2B0CF902C0B619C006CA5A5 /* Release */,
			);
			defaultConfigurationIsVisible = 0;
			defaultConfigurationName = Release;
		};
/* End XCConfigurationList section */
	};
	rootObject = E2B0CF722C0B619A006CA5A5 /* Project object */;
}
